Microsoft Visual Studio Solution File, Format Version 12.00
# Visual Studio Version 17
VisualStudioVersion = 17.10.34814.14
MinimumVisualStudioVersion = 10.0.40219.1
Project("{9A19103F-16F7-4668-BE54-9A1E7A4F7556}") = "SeaOfRadiationEditor", "SeaOfRadiationEditor\SeaOfRadiationEditor.csproj", "{49E255F9-BBA4-40F1-BAEE-8895377CFD02}"
EndProject
Global
	GlobalSection(ExtensibilityGlobals) = postSolution
		SolutionGuid = {323E9E46-3ADA-4FC5-8CD2-95C40584C8CD}
	EndGlobalSection
	GlobalSection(ProjectConfigurationPlatforms) = postSolution
		{49E255F9-BBA4-40F1-BAEE-8895377CFD02}.Debug|Any CPU.ActiveCfg = Debug|Any CPU
		{49E255F9-BBA4-40F1-BAEE-8895377CFD02}.Debug|Any CPU.Build.0 = Debug|Any CPU
		{49E255F9-BBA4-40F1-BAEE-8895377CFD02}.Release|Any CPU.ActiveCfg = Release|Any CPU
		{49E255F9-BBA4-40F1-BAEE-8895377CFD02}.Release|Any CPU.Build.0 = Release|Any CPU
	EndGlobalSection
	GlobalSection(SolutionConfigurationPlatforms) = preSolution
		Debug|Any CPU = Debug|Any CPU
		Release|Any CPU = Release|Any CPU
	EndGlobalSection
	GlobalSection(SolutionProperties) = preSolution
		HideSolutionNode = FALSE
	EndGlobalSection
EndGlobal
C-B6F7-7518F9082DD4}.Debug|Any CPU.ActiveCfg = Debug|Any CPU
		{5AADED35-3C2B-432C-B6F7-7518F9082DD4}.Debug|Any CPU.Build.0 = Debug|Any CPU
		{5AADED35-3C2B-432C-B6F7-7518F9082DD4}.Release|Any CPU.ActiveCfg = Release|Any CPU
		{5AADED35-3C2B-432C-B6F7-7518F9082DD4}.Release|Any CPU.Build.0 = Release|Any CPU
	EndGlobalSection
	GlobalSection(SolutionConfigurationPlatforms) = preSolution
		Debug|Any CPU = Debug|Any CPU
		Release|Any CPU = Release|Any CPU
	EndGlobalSection
	GlobalSection(SolutionProperties) = preSolution
		HideSolutionNode = FALSE
	EndGlobalSection
EndGlobal
